# THIS IS AN AUTOGENERATED FILE. DO NOT EDIT THIS FILE DIRECTLY.
# yarn lockfile v1


"@types/node@^14.0.23":
  version "14.6.0"
  resolved "http://registry.npm.baidu-int.com/@types%2fnode/-/node-14.6.0.tgz#7d4411bf5157339337d7cff864d9ff45f177b499"
  integrity sha1-fUQRv1FXM5M318/4ZNn/RfF3tJk=

"@types/validator@13.0.0":
  version "13.0.0"
  resolved "http://registry.npm.baidu-int.com/@types%2fvalidator/-/validator-13.0.0.tgz#365f1bf936aeaddd0856fc41aa1d6f82d88ee5b3"
  integrity sha1-Nl8b+Taurd0IVvxBqh1vgtiO5bM=

class-transformer@^0.3.1:
  version "0.3.1"
  resolved "http://registry.npm.baidu-int.com/class-transformer/-/class-transformer-0.3.1.tgz#ee681a5439ff2230fc57f5056412d3befa70d597"
  integrity sha1-7mgaVDn/IjD8V/UFZBLTvvpw1Zc=

class-validator@^0.12.2:
  version "0.12.2"
  resolved "http://registry.npm.baidu-int.com/class-validator/-/class-validator-0.12.2.tgz#2ceb72f88873e9c714cf5f9c278cbc71f6f6c8ef"
  integrity sha1-LOty+Ihz6ccUz1+cJ4y8cfb2yO8=
  dependencies:
    "@types/validator" "13.0.0"
    google-libphonenumber "^3.2.8"
    tslib ">=1.9.0"
    validator "13.0.0"

google-libphonenumber@^3.2.8:
  version "3.2.12"
  resolved "http://registry.npm.baidu-int.com/google-libphonenumber/-/google-libphonenumber-3.2.12.tgz#6190bbf15482fd75ca06ac887ad0333fa3361751"
  integrity sha1-YZC78VSC/XXKBqyIetAzP6M2F1E=

reflect-metadata@^0.1.13:
  version "0.1.13"
  resolved "http://registry.npm.baidu-int.com/reflect-metadata/-/reflect-metadata-0.1.13.tgz#67ae3ca57c972a2aa1642b10fe363fe32d49dc08"
  integrity sha1-Z648pXyXKiqhZCsQ/jY/4y1J3Ag=

tslib@>=1.9.0:
  version "2.0.1"
  resolved "http://registry.npm.baidu-int.com/tslib/-/tslib-2.0.1.tgz#410eb0d113e5b6356490eec749603725b021b43e"
  integrity sha1-QQ6w0RPltjVkkO7HSWA3JbAhtD4=

validator@13.0.0:
  version "13.0.0"
  resolved "http://registry.npm.baidu-int.com/validator/-/validator-13.0.0.tgz#0fb6c6bb5218ea23d368a8347e6d0f5a70e3bcab"
  integrity sha1-D7bGu1IY6iPTaKg0fm0PWnDjvKs=
